
Microsoft Visual Studio Solution File, Format Version 12.00
# Visual Studio 15
VisualStudioVersion = 15.0.27428.2027
MinimumVisualStudioVersion = 10.0.40219.1
Project("{FAE04EC0-301F-11D3-BF4B-00C04F79EFBC}") = "MapCreatorNamesGeneratorPlugin", "MapCreatorNamesGeneratorPlugin\MapCreatorNamesGeneratorPlugin.csproj", "{10347427-A049-49D1-9C24-E96AE5611BF2}"
EndProject
Project("{FAE04EC0-301F-11D3-BF4B-00C04F79EFBC}") = "MapCreatorNamesGeneratorPluginTests", "MapCreatorNamesGeneratorPluginTests\MapCreatorNamesGeneratorPluginTests.csproj", "{950E96E4-EFE1-4131-98F2-437343EE5FA8}"
EndProject
Global
	GlobalSection(SolutionConfigurationPlatforms) = preSolution
		Debug|Any CPU = Debug|Any CPU
		Release|Any CPU = Release|Any CPU
	EndGlobalSection
	GlobalSection(ProjectConfigurationPlatforms) = postSolution
		{10347427-A049-49D1-9C24-E96AE5611BF2}.Debug|Any CPU.ActiveCfg = Debug|Any CPU
		{10347427-A049-49D1-9C24-E96AE5611BF2}.Debug|Any CPU.Build.0 = Debug|Any CPU
		{10347427-A049-49D1-9C24-E96AE5611BF2}.Release|Any CPU.ActiveCfg = Release|Any CPU
		{10347427-A049-49D1-9C24-E96AE5611BF2}.Release|Any CPU.Build.0 = Release|Any CPU
		{950E96E4-EFE1-4131-98F2-437343EE5FA8}.Debug|Any CPU.ActiveCfg = Debug|Any CPU
		{950E96E4-EFE1-4131-98F2-437343EE5FA8}.Debug|Any CPU.Build.0 = Debug|Any CPU
		{950E96E4-EFE1-4131-98F2-437343EE5FA8}.Release|Any CPU.ActiveCfg = Release|Any CPU
		{950E96E4-EFE1-4131-98F2-437343EE5FA8}.Release|Any CPU.Build.0 = Release|Any CPU
	EndGlobalSection
	GlobalSection(SolutionProperties) = preSolution
		HideSolutionNode = FALSE
	EndGlobalSection
	GlobalSection(ExtensibilityGlobals) = postSolution
		SolutionGuid = {AD6ED919-4A2F-4276-8262-1177C9E2294B}
	EndGlobalSection
	GlobalSection(MonoDevelopProperties) = preSolution
		StartupItem = MapCreatorNamesGeneratorPlugin\MapCreatorNamesGeneratorPlugin.csproj
	EndGlobalSection
EndGlobal
